// !$*UTF8*$!
{
	archiveVersion = 1;
	classes = {
	};
	objectVersion = 46;
	objects = {

/* Begin PBXBuildFile section */
		2D19B1F51A07736E00AC4F97 /* YoutubeParser.swift in Sources */ = {isa = PBXBuildFile; fileRef = 2D19B1F41A07736E00AC4F97 /* YoutubeParser.swift */; };
		2D19B1F61A07736E00AC4F97 /* YoutubeParser.swift in Sources */ = {isa = PBXBuildFile; fileRef = 2D19B1F41A07736E00AC4F97 /* YoutubeParser.swift */; };
		2D19B1F81A07927000AC4F97 /* Extensions.swift in Sources */ = {isa = PBXBuildFile; fileRef = 2D19B1F71A07927000AC4F97 /* Extensions.swift */; };
		2D19B1F91A07927000AC4F97 /* Extensions.swift in Sources */ = {isa = PBXBuildFile; fileRef = 2D19B1F71A07927000AC4F97 /* Extensions.swift */; };
		2D19B1FB1A08BD2400AC4F97 /* VideoInfo.swift in Sources */ = {isa = PBXBuildFile; fileRef = 2D19B1FA1A08BD2400AC4F97 /* VideoInfo.swift */; };
		2D19B1FC1A08BD2400AC4F97 /* VideoInfo.swift in Sources */ = {isa = PBXBuildFile; fileRef = 2D19B1FA1A08BD2400AC4F97 /* VideoInfo.swift */; };
		2DA753341A06110F00600A10 /* AppDelegate.swift in Sources */ = {isa = PBXBuildFile; fileRef = 2DA753331A06110F00600A10 /* AppDelegate.swift */; };
		2DA753361A06110F00600A10 /* Images.xcassets in Resources */ = {isa = PBXBuildFile; fileRef = 2DA753351A06110F00600A10 /* Images.xcassets */; };
		2DA753391A06110F00600A10 /* MainMenu.xib in Resources */ = {isa = PBXBuildFile; fileRef = 2DA753371A06110F00600A10 /* MainMenu.xib */; };
		2DA753451A06110F00600A10 /* InternetSoundBoardTests.swift in Sources */ = {isa = PBXBuildFile; fileRef = 2DA753441A06110F00600A10 /* InternetSoundBoardTests.swift */; };
		2DA753581A06115100600A10 /* AppDelegate.swift in Sources */ = {isa = PBXBuildFile; fileRef = 2DA753571A06115100600A10 /* AppDelegate.swift */; };
		2DA7535A1A06115100600A10 /* FirstViewController.swift in Sources */ = {isa = PBXBuildFile; fileRef = 2DA753591A06115100600A10 /* FirstViewController.swift */; };
		2DA7535C1A06115100600A10 /* SecondViewController.swift in Sources */ = {isa = PBXBuildFile; fileRef = 2DA7535B1A06115100600A10 /* SecondViewController.swift */; };
		2DA7535F1A06115100600A10 /* Main.storyboard in Resources */ = {isa = PBXBuildFile; fileRef = 2DA7535D1A06115100600A10 /* Main.storyboard */; };
		2DA753611A06115100600A10 /* Images.xcassets in Resources */ = {isa = PBXBuildFile; fileRef = 2DA753601A06115100600A10 /* Images.xcassets */; };
		2DA753641A06115100600A10 /* LaunchScreen.xib in Resources */ = {isa = PBXBuildFile; fileRef = 2DA753621A06115100600A10 /* LaunchScreen.xib */; };
		2DA753701A06115100600A10 /* ISBTests.swift in Sources */ = {isa = PBXBuildFile; fileRef = 2DA7536F1A06115100600A10 /* ISBTests.swift */; };
		2DA753781A06146900600A10 /* StatusItemController.swift in Sources */ = {isa = PBXBuildFile; fileRef = 2DA753771A06146900600A10 /* StatusItemController.swift */; };
		2DA7537D1A0709B300600A10 /* eat.m4a in Resources */ = {isa = PBXBuildFile; fileRef = 2DA7537A1A0709B300600A10 /* eat.m4a */; };
		2DA7537E1A0709B300600A10 /* eat.m4a in Resources */ = {isa = PBXBuildFile; fileRef = 2DA7537A1A0709B300600A10 /* eat.m4a */; };
		2DA7537F1A0709B300600A10 /* lickers.m4a in Resources */ = {isa = PBXBuildFile; fileRef = 2DA7537B1A0709B300600A10 /* lickers.m4a */; };
		2DA753801A0709B300600A10 /* lickers.m4a in Resources */ = {isa = PBXBuildFile; fileRef = 2DA7537B1A0709B300600A10 /* lickers.m4a */; };
		2DA753811A0709B300600A10 /* wtf-internet.m4a in Resources */ = {isa = PBXBuildFile; fileRef = 2DA7537C1A0709B300600A10 /* wtf-internet.m4a */; };
		2DA753821A0709B300600A10 /* wtf-internet.m4a in Resources */ = {isa = PBXBuildFile; fileRef = 2DA7537C1A0709B300600A10 /* wtf-internet.m4a */; };
		2DEA42A41A0736160056DC4D /* SoundController.swift in Sources */ = {isa = PBXBuildFile; fileRef = 2DEA42A31A0736160056DC4D /* SoundController.swift */; };
		2DEA42A51A0757B30056DC4D /* SoundController.swift in Sources */ = {isa = PBXBuildFile; fileRef = 2DEA42A31A0736160056DC4D /* SoundController.swift */; };
/* End PBXBuildFile section */

/* Begin PBXContainerItemProxy section */
		2DA7533F1A06110F00600A10 /* PBXContainerItemProxy */ = {
			isa = PBXContainerItemProxy;
			containerPortal = 2DA753241A0610F000600A10 /* Project object */;
			proxyType = 1;
			remoteGlobalIDString = 2DA7532D1A06110F00600A10;
			remoteInfo = InternetSoundBoard;
		};
		2DA7536A1A06115100600A10 /* PBXContainerItemProxy */ = {
			isa = PBXContainerItemProxy;
			containerPortal = 2DA753241A0610F000600A10 /* Project object */;
			proxyType = 1;
			remoteGlobalIDString = 2DA753521A06115100600A10;
			remoteInfo = ISB;
		};
/* End PBXContainerItemProxy section */

/* Begin PBXFileReference section */
		2D19B1F41A07736E00AC4F97 /* YoutubeParser.swift */ = {isa = PBXFileReference; fileEncoding = 4; lastKnownFileType = sourcecode.swift; path = YoutubeParser.swift; sourceTree = "<group>"; };
		2D19B1F71A07927000AC4F97 /* Extensions.swift */ = {isa = PBXFileReference; fileEncoding = 4; lastKnownFileType = sourcecode.swift; path = Extensions.swift; sourceTree = "<group>"; };
		2D19B1FA1A08BD2400AC4F97 /* VideoInfo.swift */ = {isa = PBXFileReference; fileEncoding = 4; lastKnownFileType = sourcecode.swift; path = VideoInfo.swift; sourceTree = "<group>"; };
		2DA7532E1A06110F00600A10 /* InternetSoundBoard.app */ = {isa = PBXFileReference; explicitFileType = wrapper.application; includeInIndex = 0; path = InternetSoundBoard.app; sourceTree = BUILT_PRODUCTS_DIR; };
		2DA753321A06110F00600A10 /* Info.plist */ = {isa = PBXFileReference; lastKnownFileType = text.plist.xml; path = Info.plist; sourceTree = "<group>"; };
		2DA753331A06110F00600A10 /* AppDelegate.swift */ = {isa = PBXFileReference; lastKnownFileType = sourcecode.swift; path = AppDelegate.swift; sourceTree = "<group>"; };
		2DA753351A06110F00600A10 /* Images.xcassets */ = {isa = PBXFileReference; lastKnownFileType = folder.assetcatalog; path = Images.xcassets; sourceTree = "<group>"; };
		2DA753381A06110F00600A10 /* Base */ = {isa = PBXFileReference; lastKnownFileType = file.xib; name = Base; path = Base.lproj/MainMenu.xib; sourceTree = "<group>"; };
		2DA7533E1A06110F00600A10 /* InternetSoundBoardTests.xctest */ = {isa = PBXFileReference; explicitFileType = wrapper.cfbundle; includeInIndex = 0; path = InternetSoundBoardTests.xctest; sourceTree = BUILT_PRODUCTS_DIR; };
		2DA753431A06110F00600A10 /* Info.plist */ = {isa = PBXFileReference; lastKnownFileType = text.plist.xml; path = Info.plist; sourceTree = "<group>"; };
		2DA753441A06110F00600A10 /* InternetSoundBoardTests.swift */ = {isa = PBXFileReference; lastKnownFileType = sourcecode.swift; path = InternetSoundBoardTests.swift; sourceTree = "<group>"; };
		2DA753531A06115100600A10 /* ISB.app */ = {isa = PBXFileReference; explicitFileType = wrapper.application; includeInIndex = 0; path = ISB.app; sourceTree = BUILT_PRODUCTS_DIR; };
		2DA753561A06115100600A10 /* Info.plist */ = {isa = PBXFileReference; lastKnownFileType = text.plist.xml; path = Info.plist; sourceTree = "<group>"; };
		2DA753571A06115100600A10 /* AppDelegate.swift */ = {isa = PBXFileReference; lastKnownFileType = sourcecode.swift; path = AppDelegate.swift; sourceTree = "<group>"; };
		2DA753591A06115100600A10 /* FirstViewController.swift */ = {isa = PBXFileReference; lastKnownFileType = sourcecode.swift; path = FirstViewController.swift; sourceTree = "<group>"; };
		2DA7535B1A06115100600A10 /* SecondViewController.swift */ = {isa = PBXFileReference; lastKnownFileType = sourcecode.swift; path = SecondViewController.swift; sourceTree = "<group>"; };
		2DA7535E1A06115100600A10 /* Base */ = {isa = PBXFileReference; lastKnownFileType = file.storyboard; name = Base; path = Base.lproj/Main.storyboard; sourceTree = "<group>"; };
		2DA753601A06115100600A10 /* Images.xcassets */ = {isa = PBXFileReference; lastKnownFileType = folder.assetcatalog; path = Images.xcassets; sourceTree = "<group>"; };
		2DA753631A06115100600A10 /* Base */ = {isa = PBXFileReference; lastKnownFileType = file.xib; name = Base; path = Base.lproj/LaunchScreen.xib; sourceTree = "<group>"; };
		2DA753691A06115100600A10 /* ISBTests.xctest */ = {isa = PBXFileReference; explicitFileType = wrapper.cfbundle; includeInIndex = 0; path = ISBTests.xctest; sourceTree = BUILT_PRODUCTS_DIR; };
		2DA7536E1A06115100600A10 /* Info.plist */ = {isa = PBXFileReference; lastKnownFileType = text.plist.xml; path = Info.plist; sourceTree = "<group>"; };
		2DA7536F1A06115100600A10 /* ISBTests.swift */ = {isa = PBXFileReference; lastKnownFileType = sourcecode.swift; path = ISBTests.swift; sourceTree = "<group>"; };
		2DA753771A06146900600A10 /* StatusItemController.swift */ = {isa = PBXFileReference; fileEncoding = 4; lastKnownFileType = sourcecode.swift; path = StatusItemController.swift; sourceTree = "<group>"; };
		2DA7537A1A0709B300600A10 /* eat.m4a */ = {isa = PBXFileReference; lastKnownFileType = file; path = eat.m4a; sourceTree = "<group>"; };
		2DA7537B1A0709B300600A10 /* lickers.m4a */ = {isa = PBXFileReference; lastKnownFileType = file; path = lickers.m4a; sourceTree = "<group>"; };
		2DA7537C1A0709B300600A10 /* wtf-internet.m4a */ = {isa = PBXFileReference; lastKnownFileType = file; path = "wtf-internet.m4a"; sourceTree = "<group>"; };
		2DEA42A31A0736160056DC4D /* SoundController.swift */ = {isa = PBXFileReference; fileEncoding = 4; lastKnownFileType = sourcecode.swift; path = SoundController.swift; sourceTree = "<group>"; };
/* End PBXFileReference section */

/* Begin PBXFrameworksBuildPhase section */
		2DA7532B1A06110F00600A10 /* Frameworks */ = {
			isa = PBXFrameworksBuildPhase;
			buildActionMask = 2147483647;
			files = (
			);
			runOnlyForDeploymentPostprocessing = 0;
		};
		2DA7533B1A06110F00600A10 /* Frameworks */ = {
			isa = PBXFrameworksBuildPhase;
			buildActionMask = 2147483647;
			files = (
			);
			runOnlyForDeploymentPostprocessing = 0;
		};
		2DA753501A06115100600A10 /* Frameworks */ = {
			isa = PBXFrameworksBuildPhase;
			buildActionMask = 2147483647;
			files = (
			);
			runOnlyForDeploymentPostprocessing = 0;
		};
		2DA753661A06115100600A10 /* Frameworks */ = {
			isa = PBXFrameworksBuildPhase;
			buildActionMask = 2147483647;
			files = (
			);
			runOnlyForDeploymentPostprocessing = 0;
		};
/* End PBXFrameworksBuildPhase section */

/* Begin PBXGroup section */
		2DA753231A0610F000600A10 = {
			isa = PBXGroup;
			children = (
				2DA753791A07099500600A10 /* Sounds */,
				2DA7534E1A06112400600A10 /* Core */,
				2DA7534D1A06112000600A10 /* iOS */,
				2DA7534C1A06111600600A10 /* OS X */,
				2DA7532F1A06110F00600A10 /* Products */,
			);
			sourceTree = "<group>";
		};
		2DA7532F1A06110F00600A10 /* Products */ = {
			isa = PBXGroup;
			children = (
				2DA7532E1A06110F00600A10 /* InternetSoundBoard.app */,
				2DA7533E1A06110F00600A10 /* InternetSoundBoardTests.xctest */,
				2DA753531A06115100600A10 /* ISB.app */,
				2DA753691A06115100600A10 /* ISBTests.xctest */,
			);
			name = Products;
			sourceTree = "<group>";
		};
		2DA753301A06110F00600A10 /* InternetSoundBoard */ = {
			isa = PBXGroup;
			children = (
				2DA753331A06110F00600A10 /* AppDelegate.swift */,
				2DA753351A06110F00600A10 /* Images.xcassets */,
				2DA753371A06110F00600A10 /* MainMenu.xib */,
				2DA753311A06110F00600A10 /* Supporting Files */,
				2DA753771A06146900600A10 /* StatusItemController.swift */,
			);
			path = InternetSoundBoard;
			sourceTree = "<group>";
		};
		2DA753311A06110F00600A10 /* Supporting Files */ = {
			isa = PBXGroup;
			children = (
				2DA753321A06110F00600A10 /* Info.plist */,
			);
			name = "Supporting Files";
			sourceTree = "<group>";
		};
		2DA753411A06110F00600A10 /* InternetSoundBoardTests */ = {
			isa = PBXGroup;
			children = (
				2DA753441A06110F00600A10 /* InternetSoundBoardTests.swift */,
				2DA753421A06110F00600A10 /* Supporting Files */,
			);
			path = InternetSoundBoardTests;
			sourceTree = "<group>";
		};
		2DA753421A06110F00600A10 /* Supporting Files */ = {
			isa = PBXGroup;
			children = (
				2DA753431A06110F00600A10 /* Info.plist */,
			);
			name = "Supporting Files";
			sourceTree = "<group>";
		};
		2DA7534C1A06111600600A10 /* OS X */ = {
			isa = PBXGroup;
			children = (
				2DA753301A06110F00600A10 /* InternetSoundBoard */,
				2DA753411A06110F00600A10 /* InternetSoundBoardTests */,
			);
			name = "OS X";
			sourceTree = "<group>";
		};
		2DA7534D1A06112000600A10 /* iOS */ = {
			isa = PBXGroup;
			children = (
				2DA753541A06115100600A10 /* ISB */,
				2DA7536C1A06115100600A10 /* ISBTests */,
			);
			name = iOS;
			sourceTree = "<group>";
		};
		2DA7534E1A06112400600A10 /* Core */ = {
			isa = PBXGroup;
			children = (
				2DEA42A31A0736160056DC4D /* SoundController.swift */,
				2D19B1F41A07736E00AC4F97 /* YoutubeParser.swift */,
				2D19B1F71A07927000AC4F97 /* Extensions.swift */,
				2D19B1FA1A08BD2400AC4F97 /* VideoInfo.swift */,
			);
			path = Core;
			sourceTree = "<group>";
		};
		2DA753541A06115100600A10 /* ISB */ = {
			isa = PBXGroup;
			children = (
				2DA753571A06115100600A10 /* AppDelegate.swift */,
				2DA753591A06115100600A10 /* FirstViewController.swift */,
				2DA7535B1A06115100600A10 /* SecondViewController.swift */,
				2DA7535D1A06115100600A10 /* Main.storyboard */,
				2DA753601A06115100600A10 /* Images.xcassets */,
				2DA753621A06115100600A10 /* LaunchScreen.xib */,
				2DA753551A06115100600A10 /* Supporting Files */,
			);
			path = ISB;
			sourceTree = "<group>";
		};
		2DA753551A06115100600A10 /* Supporting Files */ = {
			isa = PBXGroup;
			children = (
				2DA753561A06115100600A10 /* Info.plist */,
			);
			name = "Supporting Files";
			sourceTree = "<group>";
		};
		2DA7536C1A06115100600A10 /* ISBTests */ = {
			isa = PBXGroup;
			children = (
				2DA7536F1A06115100600A10 /* ISBTests.swift */,
				2DA7536D1A06115100600A10 /* Supporting Files */,
			);
			path = ISBTests;
			sourceTree = "<group>";
		};
		2DA7536D1A06115100600A10 /* Supporting Files */ = {
			isa = PBXGroup;
			children = (
				2DA7536E1A06115100600A10 /* Info.plist */,
			);
			name = "Supporting Files";
			sourceTree = "<group>";
		};
		2DA753791A07099500600A10 /* Sounds */ = {
			isa = PBXGroup;
			children = (
				2DA7537A1A0709B300600A10 /* eat.m4a */,
				2DA7537B1A0709B300600A10 /* lickers.m4a */,
				2DA7537C1A0709B300600A10 /* wtf-internet.m4a */,
			);
			path = Sounds;
			sourceTree = "<group>";
		};
/* End PBXGroup section */

/* Begin PBXNativeTarget section */
		2DA7532D1A06110F00600A10 /* InternetSoundBoard */ = {
			isa = PBXNativeTarget;
			buildConfigurationList = 2DA753461A06110F00600A10 /* Build configuration list for PBXNativeTarget "InternetSoundBoard" */;
			buildPhases = (
				2DA7532A1A06110F00600A10 /* Sources */,
				2DA7532B1A06110F00600A10 /* Frameworks */,
				2DA7532C1A06110F00600A10 /* Resources */,
			);
			buildRules = (
			);
			dependencies = (
			);
			name = InternetSoundBoard;
			productName = InternetSoundBoard;
			productReference = 2DA7532E1A06110F00600A10 /* InternetSoundBoard.app */;
			productType = "com.apple.product-type.application";
		};
		2DA7533D1A06110F00600A10 /* InternetSoundBoardTests */ = {
			isa = PBXNativeTarget;
			buildConfigurationList = 2DA753491A06110F00600A10 /* Build configuration list for PBXNativeTarget "InternetSoundBoardTests" */;
			buildPhases = (
				2DA7533A1A06110F00600A10 /* Sources */,
				2DA7533B1A06110F00600A10 /* Frameworks */,
				2DA7533C1A06110F00600A10 /* Resources */,
			);
			buildRules = (
			);
			dependencies = (
				2DA753401A06110F00600A10 /* PBXTargetDependency */,
			);
			name = InternetSoundBoardTests;
			productName = InternetSoundBoardTests;
			productReference = 2DA7533E1A06110F00600A10 /* InternetSoundBoardTests.xctest */;
			productType = "com.apple.product-type.bundle.unit-test";
		};
		2DA753521A06115100600A10 /* ISB */ = {
			isa = PBXNativeTarget;
			buildConfigurationList = 2DA753711A06115100600A10 /* Build configuration list for PBXNativeTarget "ISB" */;
			buildPhases = (
				2DA7534F1A06115100600A10 /* Sources */,
				2DA753501A06115100600A10 /* Frameworks */,
				2DA753511A06115100600A10 /* Resources */,
			);
			buildRules = (
			);
			dependencies = (
			);
			name = ISB;
			productName = ISB;
			productReference = 2DA753531A06115100600A10 /* ISB.app */;
			productType = "com.apple.product-type.application";
		};
		2DA753681A06115100600A10 /* ISBTests */ = {
			isa = PBXNativeTarget;
			buildConfigurationList = 2DA753741A06115100600A10 /* Build configuration list for PBXNativeTarget "ISBTests" */;
			buildPhases = (
				2DA753651A06115100600A10 /* Sources */,
				2DA753661A06115100600A10 /* Frameworks */,
				2DA753671A06115100600A10 /* Resources */,
			);
			buildRules = (
			);
			dependencies = (
				2DA7536B1A06115100600A10 /* PBXTargetDependency */,
			);
			name = ISBTests;
			productName = ISBTests;
			productReference = 2DA753691A06115100600A10 /* ISBTests.xctest */;
			productType = "com.apple.product-type.bundle.unit-test";
		};
/* End PBXNativeTarget section */

/* Begin PBXProject section */
		2DA753241A0610F000600A10 /* Project object */ = {
			isa = PBXProject;
			attributes = {
				LastUpgradeCheck = 0610;
				TargetAttributes = {
					2DA7532D1A06110F00600A10 = {
						CreatedOnToolsVersion = 6.1;
						DevelopmentTeam = X49T9R7SE6;
					};
					2DA7533D1A06110F00600A10 = {
						CreatedOnToolsVersion = 6.1;
						TestTargetID = 2DA7532D1A06110F00600A10;
					};
					2DA753521A06115100600A10 = {
						CreatedOnToolsVersion = 6.1;
					};
					2DA753681A06115100600A10 = {
						CreatedOnToolsVersion = 6.1;
						TestTargetID = 2DA753521A06115100600A10;
					};
				};
			};
			buildConfigurationList = 2DA753271A0610F000600A10 /* Build configuration list for PBXProject "ISB" */;
			compatibilityVersion = "Xcode 3.2";
			developmentRegion = English;
			hasScannedForEncodings = 0;
			knownRegions = (
				en,
				Base,
			);
			mainGroup = 2DA753231A0610F000600A10;
			productRefGroup = 2DA7532F1A06110F00600A10 /* Products */;
			projectDirPath = "";
			projectRoot = "";
			targets = (
				2DA7532D1A06110F00600A10 /* InternetSoundBoard */,
				2DA7533D1A06110F00600A10 /* InternetSoundBoardTests */,
				2DA753521A06115100600A10 /* ISB */,
				2DA753681A06115100600A10 /* ISBTests */,
			);
		};
/* End PBXProject section */

/* Begin PBXResourcesBuildPhase section */
		2DA7532C1A06110F00600A10 /* Resources */ = {
			isa = PBXResourcesBuildPhase;
			buildActionMask = 2147483647;
			files = (
				2DA753811A0709B300600A10 /* wtf-internet.m4a in Resources */,
				2DA7537F1A0709B300600A10 /* lickers.m4a in Resources */,
				2DA7537D1A0709B300600A10 /* eat.m4a in Resources */,
				2DA753361A06110F00600A10 /* Images.xcassets in Resources */,
				2DA753391A06110F00600A10 /* MainMenu.xib in Resources */,
			);
			runOnlyForDeploymentPostprocessing = 0;
		};
		2DA7533C1A06110F00600A10 /* Resources */ = {
			isa = PBXResourcesBuildPhase;
			buildActionMask = 2147483647;
			files = (
			);
			runOnlyForDeploymentPostprocessing = 0;
		};
		2DA753511A06115100600A10 /* Resources */ = {
			isa = PBXResourcesBuildPhase;
			buildActionMask = 2147483647;
			files = (
				2DA7535F1A06115100600A10 /* Main.storyboard in Resources */,
				2DA753821A0709B300600A10 /* wtf-internet.m4a in Resources */,
				2DA7537E1A0709B300600A10 /* eat.m4a in Resources */,
				2DA753801A0709B300600A10 /* lickers.m4a in Resources */,
				2DA753641A06115100600A10 /* LaunchScreen.xib in Resources */,
				2DA753611A06115100600A10 /* Images.xcassets in Resources */,
			);
			runOnlyForDeploymentPostprocessing = 0;
		};
		2DA753671A06115100600A10 /* Resources */ = {
			isa = PBXResourcesBuildPhase;
			buildActionMask = 2147483647;
			files = (
			);
			runOnlyForDeploymentPostprocessing = 0;
		};
/* End PBXResourcesBuildPhase section */

/* Begin PBXSourcesBuildPhase section */
		2DA7532A1A06110F00600A10 /* Sources */ = {
			isa = PBXSourcesBuildPhase;
			buildActionMask = 2147483647;
			files = (
				2D19B1F81A07927000AC4F97 /* Extensions.swift in Sources */,
				2D19B1F51A07736E00AC4F97 /* YoutubeParser.swift in Sources */,
				2DA753781A06146900600A10 /* StatusItemController.swift in Sources */,
				2D19B1FB1A08BD2400AC4F97 /* VideoInfo.swift in Sources */,
				2DEA42A41A0736160056DC4D /* SoundController.swift in Sources */,
				2DA753341A06110F00600A10 /* AppDelegate.swift in Sources */,
			);
			runOnlyForDeploymentPostprocessing = 0;
		};
		2DA7533A1A06110F00600A10 /* Sources */ = {
			isa = PBXSourcesBuildPhase;
			buildActionMask = 2147483647;
			files = (
				2DA753451A06110F00600A10 /* InternetSoundBoardTests.swift in Sources */,
			);
			runOnlyForDeploymentPostprocessing = 0;
		};
		2DA7534F1A06115100600A10 /* Sources */ = {
			isa = PBXSourcesBuildPhase;
			buildActionMask = 2147483647;
			files = (
				2D19B1F61A07736E00AC4F97 /* YoutubeParser.swift in Sources */,
				2D19B1F91A07927000AC4F97 /* Extensions.swift in Sources */,
				2DA7535C1A06115100600A10 /* SecondViewController.swift in Sources */,
				2DEA42A51A0757B30056DC4D /* SoundController.swift in Sources */,
				2DA753581A06115100600A10 /* AppDelegate.swift in Sources */,
				2DA7535A1A06115100600A10 /* FirstViewController.swift in Sources */,
				2D19B1FC1A08BD2400AC4F97 /* VideoInfo.swift in Sources */,
			);
			runOnlyForDeploymentPostprocessing = 0;
		};
		2DA753651A06115100600A10 /* Sources */ = {
			isa = PBXSourcesBuildPhase;
			buildActionMask = 2147483647;
			files = (
				2DA753701A06115100600A10 /* ISBTests.swift in Sources */,
			);
			runOnlyForDeploymentPostprocessing = 0;
		};
/* End PBXSourcesBuildPhase section */

/* Begin PBXTargetDependency section */
		2DA753401A06110F00600A10 /* PBXTargetDependency */ = {
			isa = PBXTargetDependency;
			target = 2DA7532D1A06110F00600A10 /* InternetSoundBoard */;
			targetProxy = 2DA7533F1A06110F00600A10 /* PBXContainerItemProxy */;
		};
		2DA7536B1A06115100600A10 /* PBXTargetDependency */ = {
			isa = PBXTargetDependency;
			target = 2DA753521A06115100600A10 /* ISB */;
			targetProxy = 2DA7536A1A06115100600A10 /* PBXContainerItemProxy */;
		};
/* End PBXTargetDependency section */

/* Begin PBXVariantGroup section */
		2DA753371A06110F00600A10 /* MainMenu.xib */ = {
			isa = PBXVariantGroup;
			children = (
				2DA753381A06110F00600A10 /* Base */,
			);
			name = MainMenu.xib;
			sourceTree = "<group>";
		};
		2DA7535D1A06115100600A10 /* Main.storyboard */ = {
			isa = PBXVariantGroup;
			children = (
				2DA7535E1A06115100600A10 /* Base */,
			);
			name = Main.storyboard;
			sourceTree = "<group>";
		};
		2DA753621A06115100600A10 /* LaunchScreen.xib */ = {
			isa = PBXVariantGroup;
			children = (
				2DA753631A06115100600A10 /* Base */,
			);
			name = LaunchScreen.xib;
			sourceTree = "<group>";
		};
/* End PBXVariantGroup section */

/* Begin XCBuildConfiguration section */
		2DA753281A0610F000600A10 /* Debug */ = {
			isa = XCBuildConfiguration;
			buildSettings = {
			};
			name = Debug;
		};
		2DA753291A0610F000600A10 /* Release */ = {
			isa = XCBuildConfiguration;
			buildSettings = {
			};
			name = Release;
		};
		2DA753471A06110F00600A10 /* Debug */ = {
			isa = XCBuildConfiguration;
			buildSettings = {
				ALWAYS_SEARCH_USER_PATHS = NO;
				ASSETCATALOG_COMPILER_APPICON_NAME = AppIcon;
				CLANG_CXX_LANGUAGE_STANDARD = "gnu++0x";
				CLANG_CXX_LIBRARY = "libc++";
				CLANG_ENABLE_MODULES = YES;
				CLANG_ENABLE_OBJC_ARC = YES;
				CLANG_WARN_BOOL_CONVERSION = YES;
				CLANG_WARN_CONSTANT_CONVERSION = YES;
				CLANG_WARN_DIRECT_OBJC_ISA_USAGE = YES_ERROR;
				CLANG_WARN_EMPTY_BODY = YES;
				CLANG_WARN_ENUM_CONVERSION = YES;
				CLANG_WARN_INT_CONVERSION = YES;
				CLANG_WARN_OBJC_ROOT_CLASS = YES_ERROR;
				CLANG_WARN_UNREACHABLE_CODE = YES;
				CLANG_WARN__DUPLICATE_METHOD_MATCH = YES;
				CODE_SIGN_IDENTITY = "Developer ID Application";
				COMBINE_HIDPI_IMAGES = YES;
				COPY_PHASE_STRIP = NO;
				ENABLE_STRICT_OBJC_MSGSEND = YES;
				GCC_C_LANGUAGE_STANDARD = gnu99;
				GCC_DYNAMIC_NO_PIC = NO;
				GCC_OPTIMIZATION_LEVEL = 0;
				GCC_PREPROCESSOR_DEFINITIONS = (
					"DEBUG=1",
					"$(inherited)",
				);
				GCC_SYMBOLS_PRIVATE_EXTERN = NO;
				GCC_WARN_64_TO_32_BIT_CONVERSION = YES;
				GCC_WARN_ABOUT_RETURN_TYPE = YES_ERROR;
				GCC_WARN_UNDECLARED_SELECTOR = YES;
				GCC_WARN_UNINITIALIZED_AUTOS = YES_AGGRESSIVE;
				GCC_WARN_UNUSED_FUNCTION = YES;
				GCC_WARN_UNUSED_VARIABLE = YES;
				INFOPLIST_FILE = InternetSoundBoard/Info.plist;
				LD_RUNPATH_SEARCH_PATHS = "$(inherited) @executable_path/../Frameworks";
				MACOSX_DEPLOYMENT_TARGET = 10.9;
				MTL_ENABLE_DEBUG_INFO = YES;
				ONLY_ACTIVE_ARCH = YES;
				PRODUCT_NAME = "$(TARGET_NAME)";
				SDKROOT = macosx;
				SWIFT_OPTIMIZATION_LEVEL = "-Onone";
			};
			name = Debug;
		};
		2DA753481A06110F00600A10 /* Release */ = {
			isa = XCBuildConfiguration;
			buildSettings = {
				ALWAYS_SEARCH_USER_PATHS = NO;
				ASSETCATALOG_COMPILER_APPICON_NAME = AppIcon;
				CLANG_CXX_LANGUAGE_STANDARD = "gnu++0x";
				CLANG_CXX_LIBRARY = "libc++";
				CLANG_ENABLE_MODULES = YES;
				CLANG_ENABLE_OBJC_ARC = YES;
				CLANG_WARN_BOOL_CONVERSION = YES;
				CLANG_WARN_CONSTANT_CONVERSION = YES;
				CLANG_WARN_DIRECT_OBJC_ISA_USAGE = YES_ERROR;
				CLANG_WARN_EMPTY_BODY = YES;
				CLANG_WARN_ENUM_CONVERSION = YES;
				CLANG_WARN_INT_CONVERSION = YES;
				CLANG_WARN_OBJC_ROOT_CLASS = YES_ERROR;
				CLANG_WARN_UNREACHABLE_CODE = YES;
				CLANG_WARN__DUPLICATE_METHOD_MATCH = YES;
				CODE_SIGN_IDENTITY = "Developer ID Application";
				COMBINE_HIDPI_IMAGES = YES;
				COPY_PHASE_STRIP = YES;
				DEBUG_INFORMATION_FORMAT = "dwarf-with-dsym";
				ENABLE_NS_ASSERTIONS = NO;
				ENABLE_STRICT_OBJC_MSGSEND = YES;
				GCC_C_LANGUAGE_STANDARD = gnu99;
				GCC_WARN_64_TO_32_BIT_CONVERSION = YES;
				GCC_WARN_ABOUT_RETURN_TYPE = YES_ERROR;
				GCC_WARN_UNDECLARED_SELECTOR = YES;
				GCC_WARN_UNINITIALIZED_AUTOS = YES_AGGRESSIVE;
				GCC_WARN_UNUSED_FUNCTION = YES;
				GCC_WARN_UNUSED_VARIABLE = YES;
				INFOPLIST_FILE = InternetSoundBoard/Info.plist;
				LD_RUNPATH_SEARCH_PATHS = "$(inherited) @executable_path/../Frameworks";
				MACOSX_DEPLOYMENT_TARGET = 10.9;
				MTL_ENABLE_DEBUG_INFO = NO;
				PRODUCT_NAME = "$(TARGET_NAME)";
				SDKROOT = macosx;
			};
			name = Release;
		};
		2DA7534A1A06110F00600A10 /* Debug */ = {
			isa = XCBuildConfiguration;
			buildSettings = {
				ALWAYS_SEARCH_USER_PATHS = NO;
				BUNDLE_LOADER = "$(TEST_HOST)";
				CLANG_CXX_LANGUAGE_STANDARD = "gnu++0x";
				CLANG_CXX_LIBRARY = "libc++";
				CLANG_ENABLE_MODULES = YES;
				CLANG_ENABLE_OBJC_ARC = YES;
				CLANG_WARN_BOOL_CONVERSION = YES;
				CLANG_WARN_CONSTANT_CONVERSION = YES;
				CLANG_WARN_DIRECT_OBJC_ISA_USAGE = YES_ERROR;
				CLANG_WARN_EMPTY_BODY = YES;
				CLANG_WARN_ENUM_CONVERSION = YES;
				CLANG_WARN_INT_CONVERSION = YES;
				CLANG_WARN_OBJC_ROOT_CLASS = YES_ERROR;
				CLANG_WARN_UNREACHABLE_CODE = YES;
				CLANG_WARN__DUPLICATE_METHOD_MATCH = YES;
				COMBINE_HIDPI_IMAGES = YES;
				COPY_PHASE_STRIP = NO;
				ENABLE_STRICT_OBJC_MSGSEND = YES;
				FRAMEWORK_SEARCH_PATHS = (
					"$(DEVELOPER_FRAMEWORKS_DIR)",
					"$(inherited)",
				);
				GCC_C_LANGUAGE_STANDARD = gnu99;
				GCC_DYNAMIC_NO_PIC = NO;
				GCC_OPTIMIZATION_LEVEL = 0;
				GCC_PREPROCESSOR_DEFINITIONS = (
					"DEBUG=1",
					"$(inherited)",
				);
				GCC_SYMBOLS_PRIVATE_EXTERN = NO;
				GCC_WARN_64_TO_32_BIT_CONVERSION = YES;
				GCC_WARN_ABOUT_RETURN_TYPE = YES_ERROR;
				GCC_WARN_UNDECLARED_SELECTOR = YES;
				GCC_WARN_UNINITIALIZED_AUTOS = YES_AGGRESSIVE;
				GCC_WARN_UNUSED_FUNCTION = YES;
				GCC_WARN_UNUSED_VARIABLE = YES;
				INFOPLIST_FILE = InternetSoundBoardTests/Info.plist;
				LD_RUNPATH_SEARCH_PATHS = "$(inherited) @executable_path/../Frameworks @loader_path/../Frameworks";
				MACOSX_DEPLOYMENT_TARGET = 10.10;
				MTL_ENABLE_DEBUG_INFO = YES;
				ONLY_ACTIVE_ARCH = YES;
				PRODUCT_NAME = "$(TARGET_NAME)";
				SDKROOT = macosx;
				TEST_HOST = "$(BUILT_PRODUCTS_DIR)/InternetSoundBoard.app/Contents/MacOS/InternetSoundBoard";
			};
			name = Debug;
		};
		2DA7534B1A06110F00600A10 /* Release */ = {
			isa = XCBuildConfiguration;
			buildSettings = {
				ALWAYS_SEARCH_USER_PATHS = NO;
				BUNDLE_LOADER = "$(TEST_HOST)";
				CLANG_CXX_LANGUAGE_STANDARD = "gnu++0x";
				CLANG_CXX_LIBRARY = "libc++";
				CLANG_ENABLE_MODULES = YES;
				CLANG_ENABLE_OBJC_ARC = YES;
				CLANG_WARN_BOOL_CONVERSION = YES;
				CLANG_WARN_CONSTANT_CONVERSION = YES;
				CLANG_WARN_DIRECT_OBJC_ISA_USAGE = YES_ERROR;
				CLANG_WARN_EMPTY_BODY = YES;
				CLANG_WARN_ENUM_CONVERSION = YES;
				CLANG_WARN_INT_CONVERSION = YES;
				CLANG_WARN_OBJC_ROOT_CLASS = YES_ERROR;
				CLANG_WARN_UNREACHABLE_CODE = YES;
				CLANG_WARN__DUPLICATE_METHOD_MATCH = YES;
				COMBINE_HIDPI_IMAGES = YES;
				COPY_PHASE_STRIP = YES;
				DEBUG_INFORMATION_FORMAT = "dwarf-with-dsym";
				ENABLE_NS_ASSERTIONS = NO;
				ENABLE_STRICT_OBJC_MSGSEND = YES;
				FRAMEWORK_SEARCH_PATHS = (
					"$(DEVELOPER_FRAMEWORKS_DIR)",
					"$(inherited)",
				);
				GCC_C_LANGUAGE_STANDARD = gnu99;
				GCC_WARN_64_TO_32_BIT_CONVERSION = YES;
				GCC_WARN_ABOUT_RETURN_TYPE = YES_ERROR;
				GCC_WARN_UNDECLARED_SELECTOR = YES;
				GCC_WARN_UNINITIALIZED_AUTOS = YES_AGGRESSIVE;
				GCC_WARN_UNUSED_FUNCTION = YES;
				GCC_WARN_UNUSED_VARIABLE = YES;
				INFOPLIST_FILE = InternetSoundBoardTests/Info.plist;
				LD_RUNPATH_SEARCH_PATHS = "$(inherited) @executable_path/../Frameworks @loader_path/../Frameworks";
				MACOSX_DEPLOYMENT_TARGET = 10.10;
				MTL_ENABLE_DEBUG_INFO = NO;
				PRODUCT_NAME = "$(TARGET_NAME)";
				SDKROOT = macosx;
				TEST_HOST = "$(BUILT_PRODUCTS_DIR)/InternetSoundBoard.app/Contents/MacOS/InternetSoundBoard";
			};
			name = Release;
		};
		2DA753721A06115100600A10 /* Debug */ = {
			isa = XCBuildConfiguration;
			buildSettings = {
				ALWAYS_SEARCH_USER_PATHS = NO;
				ASSETCATALOG_COMPILER_APPICON_NAME = AppIcon;
				CLANG_CXX_LANGUAGE_STANDARD = "gnu++0x";
				CLANG_CXX_LIBRARY = "libc++";
				CLANG_ENABLE_MODULES = YES;
				CLANG_ENABLE_OBJC_ARC = YES;
				CLANG_WARN_BOOL_CONVERSION = YES;
				CLANG_WARN_CONSTANT_CONVERSION = YES;
				CLANG_WARN_DIRECT_OBJC_ISA_USAGE = YES_ERROR;
				CLANG_WARN_EMPTY_BODY = YES;
				CLANG_WARN_ENUM_CONVERSION = YES;
				CLANG_WARN_INT_CONVERSION = YES;
				CLANG_WARN_OBJC_ROOT_CLASS = YES_ERROR;
				CLANG_WARN_UNREACHABLE_CODE = YES;
				CLANG_WARN__DUPLICATE_METHOD_MATCH = YES;
				"CODE_SIGN_IDENTITY[sdk=iphoneos*]" = "iPhone Developer";
				COPY_PHASE_STRIP = NO;
				ENABLE_STRICT_OBJC_MSGSEND = YES;
				GCC_C_LANGUAGE_STANDARD = gnu99;
				GCC_DYNAMIC_NO_PIC = NO;
				GCC_OPTIMIZATION_LEVEL = 0;
				GCC_PREPROCESSOR_DEFINITIONS = (
					"DEBUG=1",
					"$(inherited)",
				);
				GCC_SYMBOLS_PRIVATE_EXTERN = NO;
				GCC_WARN_64_TO_32_BIT_CONVERSION = YES;
				GCC_WARN_ABOUT_RETURN_TYPE = YES_ERROR;
				GCC_WARN_UNDECLARED_SELECTOR = YES;
				GCC_WARN_UNINITIALIZED_AUTOS = YES_AGGRESSIVE;
				GCC_WARN_UNUSED_FUNCTION = YES;
				GCC_WARN_UNUSED_VARIABLE = YES;
				INFOPLIST_FILE = ISB/Info.plist;
				IPHONEOS_DEPLOYMENT_TARGET = 8.1;
				LD_RUNPATH_SEARCH_PATHS = "$(inherited) @executable_path/Frameworks";
				MTL_ENABLE_DEBUG_INFO = YES;
				ONLY_ACTIVE_ARCH = YES;
				PRODUCT_NAME = "$(TARGET_NAME)";
				SDKROOT = iphoneos;
				SWIFT_OPTIMIZATION_LEVEL = "-Onone";
			};
			name = Debug;
		};
		2DA753731A06115100600A10 /* Release */ = {
			isa = XCBuildConfiguration;
			buildSettings = {
				ALWAYS_SEARCH_USER_PATHS = NO;
				ASSETCATALOG_COMPILER_APPICON_NAME = AppIcon;
				CLANG_CXX_LANGUAGE_STANDARD = "gnu++0x";
				CLANG_CXX_LIBRARY = "libc++";
				CLANG_ENABLE_MODULES = YES;
				CLANG_ENABLE_OBJC_ARC = YES;
				CLANG_WARN_BOOL_CONVERSION = YES;
				CLANG_WARN_CONSTANT_CONVERSION = YES;
				CLANG_WARN_DIRECT_OBJC_ISA_USAGE = YES_ERROR;
				CLANG_WARN_EMPTY_BODY = YES;
				CLANG_WARN_ENUM_CONVERSION = YES;
				CLANG_WARN_INT_CONVERSION = YES;
				CLANG_WARN_OBJC_ROOT_CLASS = YES_ERROR;
				CLANG_WARN_UNREACHABLE_CODE = YES;
				CLANG_WARN__DUPLICATE_METHOD_MATCH = YES;
				"CODE_SIGN_IDENTITY[sdk=iphoneos*]" = "iPhone Developer";
				COPY_PHASE_STRIP = YES;
				ENABLE_NS_ASSERTIONS = NO;
				ENABLE_STRICT_OBJC_MSGSEND = YES;
				GCC_C_LANGUAGE_STANDARD = gnu99;
				GCC_WARN_64_TO_32_BIT_CONVERSION = YES;
				GCC_WARN_ABOUT_RETURN_TYPE = YES_ERROR;
				GCC_WARN_UNDECLARED_SELECTOR = YES;
				GCC_WARN_UNINITIALIZED_AUTOS = YES_AGGRESSIVE;
				GCC_WARN_UNUSED_FUNCTION = YES;
				GCC_WARN_UNUSED_VARIABLE = YES;
				INFOPLIST_FILE = ISB/Info.plist;
				IPHONEOS_DEPLOYMENT_TARGET = 8.1;
				LD_RUNPATH_SEARCH_PATHS = "$(inherited) @executable_path/Frameworks";
				MTL_ENABLE_DEBUG_INFO = NO;
				PRODUCT_NAME = "$(TARGET_NAME)";
				SDKROOT = iphoneos;
				VALIDATE_PRODUCT = YES;
			};
			name = Release;
		};
		2DA753751A06115100600A10 /* Debug */ = {
			isa = XCBuildConfiguration;
			buildSettings = {
				ALWAYS_SEARCH_USER_PATHS = NO;
				BUNDLE_LOADER = "$(TEST_HOST)";
				CLANG_CXX_LANGUAGE_STANDARD = "gnu++0x";
				CLANG_CXX_LIBRARY = "libc++";
				CLANG_ENABLE_MODULES = YES;
				CLANG_ENABLE_OBJC_ARC = YES;
				CLANG_WARN_BOOL_CONVERSION = YES;
				CLANG_WARN_CONSTANT_CONVERSION = YES;
				CLANG_WARN_DIRECT_OBJC_ISA_USAGE = YES_ERROR;
				CLANG_WARN_EMPTY_BODY = YES;
				CLANG_WARN_ENUM_CONVERSION = YES;
				CLANG_WARN_INT_CONVERSION = YES;
				CLANG_WARN_OBJC_ROOT_CLASS = YES_ERROR;
				CLANG_WARN_UNREACHABLE_CODE = YES;
				CLANG_WARN__DUPLICATE_METHOD_MATCH = YES;
				COPY_PHASE_STRIP = NO;
				ENABLE_STRICT_OBJC_MSGSEND = YES;
				FRAMEWORK_SEARCH_PATHS = (
					"$(SDKROOT)/Developer/Library/Frameworks",
					"$(inherited)",
				);
				GCC_C_LANGUAGE_STANDARD = gnu99;
				GCC_DYNAMIC_NO_PIC = NO;
				GCC_OPTIMIZATION_LEVEL = 0;
				GCC_PREPROCESSOR_DEFINITIONS = (
					"DEBUG=1",
					"$(inherited)",
				);
				GCC_SYMBOLS_PRIVATE_EXTERN = NO;
				GCC_WARN_64_TO_32_BIT_CONVERSION = YES;
				GCC_WARN_ABOUT_RETURN_TYPE = YES_ERROR;
				GCC_WARN_UNDECLARED_SELECTOR = YES;
				GCC_WARN_UNINITIALIZED_AUTOS = YES_AGGRESSIVE;
				GCC_WARN_UNUSED_FUNCTION = YES;
				GCC_WARN_UNUSED_VARIABLE = YES;
				INFOPLIST_FILE = ISBTests/Info.plist;
				IPHONEOS_DEPLOYMENT_TARGET = 8.1;
				LD_RUNPATH_SEARCH_PATHS = "$(inherited) @executable_path/Frameworks @loader_path/Frameworks";
				MTL_ENABLE_DEBUG_INFO = YES;
				ONLY_ACTIVE_ARCH = YES;
				PRODUCT_NAME = "$(TARGET_NAME)";
				SDKROOT = iphoneos;
				TEST_HOST = "$(BUILT_PRODUCTS_DIR)/ISB.app/ISB";
			};
			name = Debug;
		};
		2DA753761A06115100600A10 /* Release */ = {
			isa = XCBuildConfiguration;
			buildSettings = {
				ALWAYS_SEARCH_USER_PATHS = NO;
				BUNDLE_LOADER = "$(TEST_HOST)";
				CLANG_CXX_LANGUAGE_STANDARD = "gnu++0x";
				CLANG_CXX_LIBRARY = "libc++";
				CLANG_ENABLE_MODULES = YES;
				CLANG_ENABLE_OBJC_ARC = YES;
				CLANG_WARN_BOOL_CONVERSION = YES;
				CLANG_WARN_CONSTANT_CONVERSION = YES;
				CLANG_WARN_DIRECT_OBJC_ISA_USAGE = YES_ERROR;
				CLANG_WARN_EMPTY_BODY = YES;
				CLANG_WARN_ENUM_CONVERSION = YES;
				CLANG_WARN_INT_CONVERSION = YES;
				CLANG_WARN_OBJC_ROOT_CLASS = YES_ERROR;
				CLANG_WARN_UNREACHABLE_CODE = YES;
				CLANG_WARN__DUPLICATE_METHOD_MATCH = YES;
				COPY_PHASE_STRIP = YES;
				ENABLE_NS_ASSERTIONS = NO;
				ENABLE_STRICT_OBJC_MSGSEND = YES;
				FRAMEWORK_SEARCH_PATHS = (
					"$(SDKROOT)/Developer/Library/Frameworks",
					"$(inherited)",
				);
				GCC_C_LANGUAGE_STANDARD = gnu99;
				GCC_WARN_64_TO_32_BIT_CONVERSION = YES;
				GCC_WARN_ABOUT_RETURN_TYPE = YES_ERROR;
				GCC_WARN_UNDECLARED_SELECTOR = YES;
				GCC_WARN_UNINITIALIZED_AUTOS = YES_AGGRESSIVE;
				GCC_WARN_UNUSED_FUNCTION = YES;
				GCC_WARN_UNUSED_VARIABLE = YES;
				INFOPLIST_FILE = ISBTests/Info.plist;
				IPHONEOS_DEPLOYMENT_TARGET = 8.1;
				LD_RUNPATH_SEARCH_PATHS = "$(inherited) @executable_path/Frameworks @loader_path/Frameworks";
				MTL_ENABLE_DEBUG_INFO = NO;
				PRODUCT_NAME = "$(TARGET_NAME)";
				SDKROOT = iphoneos;
				TEST_HOST = "$(BUILT_PRODUCTS_DIR)/ISB.app/ISB";
				VALIDATE_PRODUCT = YES;
			};
			name = Release;
		};
/* End XCBuildConfiguration section */

/* Begin XCConfigurationList section */
		2DA753271A0610F000600A10 /* Build configuration list for PBXProject "ISB" */ = {
			isa = XCConfigurationList;
			buildConfigurations = (
				2DA753281A0610F000600A10 /* Debug */,
				2DA753291A0610F000600A10 /* Release */,
			);
			defaultConfigurationIsVisible = 0;
			defaultConfigurationName = Release;
		};
		2DA753461A06110F00600A10 /* Build configuration list for PBXNativeTarget "InternetSoundBoard" */ = {
			isa = XCConfigurationList;
			buildConfigurations = (
				2DA753471A06110F00600A10 /* Debug */,
				2DA753481A06110F00600A10 /* Release */,
			);
			defaultConfigurationIsVisible = 0;
			defaultConfigurationName = Release;
		};
		2DA753491A06110F00600A10 /* Build configuration list for PBXNativeTarget "InternetSoundBoardTests" */ = {
			isa = XCConfigurationList;
			buildConfigurations = (
				2DA7534A1A06110F00600A10 /* Debug */,
				2DA7534B1A06110F00600A10 /* Release */,
			);
			defaultConfigurationIsVisible = 0;
			defaultConfigurationName = Release;
		};
		2DA753711A06115100600A10 /* Build configuration list for PBXNativeTarget "ISB" */ = {
			isa = XCConfigurationList;
			buildConfigurations = (
				2DA753721A06115100600A10 /* Debug */,
				2DA753731A06115100600A10 /* Release */,
			);
			defaultConfigurationIsVisible = 0;
			defaultConfigurationName = Release;
		};
		2DA753741A06115100600A10 /* Build configuration list for PBXNativeTarget "ISBTests" */ = {
			isa = XCConfigurationList;
			buildConfigurations = (
				2DA753751A06115100600A10 /* Debug */,
				2DA753761A06115100600A10 /* Release */,
			);
			defaultConfigurationIsVisible = 0;
			defaultConfigurationName = Release;
		};
/* End XCConfigurationList section */
	};
	rootObject = 2DA753241A0610F000600A10 /* Project object */;
}
